{
  "name": "env-guardian-dragon",
  "version": "2.2.3",
  "lockfileVersion": 2,
  "requires": true,
  "packages": {
    "": {
      "name": "env-guardian-dragon",
      "version": "2.2.3",
      "dependencies": {
        "axios": "^1.4.0",
        "bcrypt": "^5.1.0",
        "commander": "^9.4.1",
        "inquirer": "^8.2.5",
        "libsodium-wrappers": "^0.7.10",
        "node-machine-id": "^1.1.12",
        "open": "^8.4.0",
        "mysql2": "^3.2.0",
        "dotenv": "^16.1.0",
        "jsonwebtoken": "^9.0.0"
      }
    },
    "node_modules/axios": {
      "version": "1.4.0",
      "resolved": "https://registry.npmjs.org/axios/-/axios-1.4.0.tgz",
      "integrity": "sha512-xHcO6B0n1qXQ8L6K14CThS9CmS5xJl3xVr+G1tq+5RbZ4y6kI7Z1fpaAgzH8bXz0+v/9Z4I05eDkWzzV+ZxS1g==",
      "engines": {
        "node": ">=12"
      }
    },
    "node_modules/bcrypt": {
      "version": "5.1.0",
      "resolved": "https://registry.npmjs.org/bcrypt/-/bcrypt-5.1.0.tgz",
      "integrity": "sha512-LX9nJo3z5rL++vQLBrRQcZy9k0c4QfP3JjB9KbVxP7o4FjhD+Xbq+l3EM0lZlLMO7Q0aAbV6sM+V1T8DkO0YkQ==",
      "dependencies": {
        "node-gyp-build": "^4.5.0"
      }
    },
    "node_modules/commander": {
      "version": "9.4.1",
      "resolved": "https://registry.npmjs.org/commander/-/commander-9.4.1.tgz",
      "integrity": "sha512-+1gqAq8/fn2p7zH+gBwwk+FZkVXAxmfr9X1Y0Xl6Z1O4+4/hK9sm6y1gJSNMIK1+z6E72F+X5gB1Rxg7iJybxA=="
    },
    "node_modules/inquirer": {
      "version": "8.2.5",
      "resolved": "https://registry.npmjs.org/inquirer/-/inquirer-8.2.5.tgz",
      "integrity": "sha512-HU4HcnO+Sx7HqC2gJg2Q5y4DQ2f4Wex5fPzT2xOTsk7c9z6Dh6KiHqB1a9Y0qtxCX2g0j2FF7syVbz8WqR5nRQ=="
    },
    "node_modules/libsodium-wrappers": {
      "version": "0.7.10",
      "resolved": "https://registry.npmjs.org/libsodium-wrappers/-/libsodium-wrappers-0.7.10.tgz",
      "integrity": "sha512-6b3m7Nn/XiNEX2j+keMjr+I3HBQpztx1G6uZ8vPYZcOZ2D7hxIX5UwRW+uS8fG0Lr0s3cT0HjP7r6c3GQhzJBA=="
    },
    "node_modules/node-machine-id": {
      "version": "1.1.12",
      "resolved": "https://registry.npmjs.org/node-machine-id/-/node-machine-id-1.1.12.tgz",
      "integrity": "sha512-Z3x5tXo8Oeb5J2SxK/p4Qk6XK6y42YNfB7FY8e03o/E7GciGdV/tS/12k+ql2VblY4D4fHx8ziZxG1mA6TTrhA=="
    },
    "node_modules/open": {
      "version": "8.4.0",
      "resolved": "https://registry.npmjs.org/open/-/open-8.4.0.tgz",
      "integrity": "sha512-xbf4tZq4QmZgkm8U8+H6EUKf6+0qB9tTIRb2RZv+qgXxwNqj/8QEyhJpjV0tSnHW2E4T2Yt1Fwt6Z+0Vn2ZebQ=="
    },
    "node_modules/mysql2": {
      "version": "3.2.0",
      "resolved": "https://registry.npmjs.org/mysql2/-/mysql2-3.2.0.tgz",
      "integrity": "sha512-PYpHJzknXWpr/5G4kQk3j3O0XzOB2p3oF5x+T6gkxG5cqLgnX1+03mKcbj7Xk5+eKHsB8sG3f+8tkN0Y9b7+VA=="
    },
    "node_modules/dotenv": {
      "version": "16.1.0",
      "resolved": "https://registry.npmjs.org/dotenv/-/dotenv-16.1.0.tgz",
      "integrity": "sha512-ROtP0yZ1PkM1XbS2rJb5aFq7L0hO0G0y0r8M+DQw3gO2Y0jktVnC2d3H4JzN1Fo/ZnIjC8Q2T3j+Xtv+BdC+Rw=="
    },
    "node_modules/jsonwebtoken": {
      "version": "9.0.0",
      "resolved": "https://registry.npmjs.org/jsonwebtoken/-/jsonwebtoken-9.0.0.tgz",
      "integrity": "sha512-q4tU0c2xZ7+2pJ+0Y+I6Qf0Z5aJ2s4Nz6rVx+3EtG6M0R+0s0XcD9tQ+L0pR2nQf+vZx6G7mZ0pT4zYv1sZb9A=="
    }
  },
  "dependencies": {
    "axios": "^1.4.0",
    "bcrypt": "^5.1.0",
    "commander": "^9.4.1",
    "inquirer": "^8.2.5",
    "libsodium-wrappers": "^0.7.10",
    "node-machine-id": "^1.1.12",
    "open": "^8.4.0",
    "mysql2": "^3.2.0",
    "dotenv": "^16.1.0",
    "jsonwebtoken": "^9.0.0"
  }
}
